
Microsoft Visual Studio Solution File, Format Version 12.00
# Visual Studio Version 16
VisualStudioVersion = 16.0.30804.86
MinimumVisualStudioVersion = 10.0.40219.1
Project("{FAE04EC0-301F-11D3-BF4B-00C04F79EFBC}") = "YungChingProgram", "YungChingProgram\YungChingProgram.csproj", "{452C41A8-9760-4A59-9652-C02CED083647}"
EndProject
Global
	GlobalSection(SolutionConfigurationPlatforms) = preSolution
		Debug|Any CPU = Debug|Any CPU
		Release|Any CPU = Release|Any CPU
	EndGlobalSection
	GlobalSection(ProjectConfigurationPlatforms) = postSolution
		{452C41A8-9760-4A59-9652-C02CED083647}.Debug|Any CPU.ActiveCfg = Debug|Any CPU
		{452C41A8-9760-4A59-9652-C02CED083647}.Debug|Any CPU.Build.0 = Debug|Any CPU
		{452C41A8-9760-4A59-9652-C02CED083647}.Release|Any CPU.ActiveCfg = Release|Any CPU
		{452C41A8-9760-4A59-9652-C02CED083647}.Release|Any CPU.Build.0 = Release|Any CPU
	EndGlobalSection
	GlobalSection(SolutionProperties) = preSolution
		HideSolutionNode = FALSE
	EndGlobalSection
	GlobalSection(ExtensibilityGlobals) = postSolution
		SolutionGuid = {13008F33-BB43-4C4B-924D-735CAE5F62C6}
	EndGlobalSection
EndGlobal
